// !$*UTF8*$!
{
	archiveVersion = 1;
	classes = {
	};
	objectVersion = 51;
	objects = {

/* Begin PBXBuildFile section */
		286A1D72263CEF26007283E5 /* AppDelegate.swift in Sources */ = {isa = PBXBuildFile; fileRef = 286A1D71263CEF26007283E5 /* AppDelegate.swift */; };
		286A1D74263CEF26007283E5 /* SceneDelegate.swift in Sources */ = {isa = PBXBuildFile; fileRef = 286A1D73263CEF26007283E5 /* SceneDelegate.swift */; };
		286A1D7B263CEF28007283E5 /* Assets.xcassets in Resources */ = {isa = PBXBuildFile; fileRef = 286A1D7A263CEF28007283E5 /* Assets.xcassets */; };
		286A1D7E263CEF28007283E5 /* LaunchScreen.storyboard in Resources */ = {isa = PBXBuildFile; fileRef = 286A1D7C263CEF28007283E5 /* LaunchScreen.storyboard */; };
		286A1D87263CEF59007283E5 /* Main.storyboard in Resources */ = {isa = PBXBuildFile; fileRef = 286A1D86263CEF59007283E5 /* Main.storyboard */; };
		286A1D8F263CEF6B007283E5 /* TasksViewController.swift in Sources */ = {isa = PBXBuildFile; fileRef = 286A1D89263CEF6B007283E5 /* TasksViewController.swift */; };
		286A1D90263CEF6B007283E5 /* LoginViewController.swift in Sources */ = {isa = PBXBuildFile; fileRef = 286A1D8A263CEF6B007283E5 /* LoginViewController.swift */; };
		286A1D91263CEF6B007283E5 /* User.swift in Sources */ = {isa = PBXBuildFile; fileRef = 286A1D8D263CEF6B007283E5 /* User.swift */; };
		286A1D92263CEF6B007283E5 /* Task.swift in Sources */ = {isa = PBXBuildFile; fileRef = 286A1D8E263CEF6B007283E5 /* Task.swift */; };
		286A1D94263CF122007283E5 /* GoogleService-Info.plist in Resources */ = {isa = PBXBuildFile; fileRef = 286A1D93263CF122007283E5 /* GoogleService-Info.plist */; };
		E5B62C5D20E966BE43528EB7 /* Pods_FirebaseToDo.framework in Frameworks */ = {isa = PBXBuildFile; fileRef = 57F5D500F7E9478D7C47EC85 /* Pods_FirebaseToDo.framework */; };
/* End PBXBuildFile section */

/* Begin PBXFileReference section */
		286A1D6E263CEF26007283E5 /* FirebaseToDo.app */ = {isa = PBXFileReference; explicitFileType = wrapper.application; includeInIndex = 0; path = FirebaseToDo.app; sourceTree = BUILT_PRODUCTS_DIR; };
		286A1D71263CEF26007283E5 /* AppDelegate.swift */ = {isa = PBXFileReference; lastKnownFileType = sourcecode.swift; path = AppDelegate.swift; sourceTree = "<group>"; };
		286A1D73263CEF26007283E5 /* SceneDelegate.swift */ = {isa = PBXFileReference; lastKnownFileType = sourcecode.swift; path = SceneDelegate.swift; sourceTree = "<group>"; };
		286A1D7A263CEF28007283E5 /* Assets.xcassets */ = {isa = PBXFileReference; lastKnownFileType = folder.assetcatalog; path = Assets.xcassets; sourceTree = "<group>"; };
		286A1D7D263CEF28007283E5 /* Base */ = {isa = PBXFileReference; lastKnownFileType = file.storyboard; name = Base; path = Base.lproj/LaunchScreen.storyboard; sourceTree = "<group>"; };
		286A1D7F263CEF28007283E5 /* Info.plist */ = {isa = PBXFileReference; lastKnownFileType = text.plist.xml; path = Info.plist; sourceTree = "<group>"; };
		286A1D86263CEF59007283E5 /* Main.storyboard */ = {isa = PBXFileReference; fileEncoding = 4; lastKnownFileType = file.storyboard; path = Main.storyboard; sourceTree = "<group>"; };
		286A1D89263CEF6B007283E5 /* TasksViewController.swift */ = {isa = PBXFileReference; fileEncoding = 4; lastKnownFileType = sourcecode.swift; path = TasksViewController.swift; sourceTree = "<group>"; };
		286A1D8A263CEF6B007283E5 /* LoginViewController.swift */ = {isa = PBXFileReference; fileEncoding = 4; lastKnownFileType = sourcecode.swift; path = LoginViewController.swift; sourceTree = "<group>"; };
		286A1D8D263CEF6B007283E5 /* User.swift */ = {isa = PBXFileReference; fileEncoding = 4; lastKnownFileType = sourcecode.swift; path = User.swift; sourceTree = "<group>"; };
		286A1D8E263CEF6B007283E5 /* Task.swift */ = {isa = PBXFileReference; fileEncoding = 4; lastKnownFileType = sourcecode.swift; path = Task.swift; sourceTree = "<group>"; };
		286A1D93263CF122007283E5 /* GoogleService-Info.plist */ = {isa = PBXFileReference; fileEncoding = 4; lastKnownFileType = text.plist.xml; path = "GoogleService-Info.plist"; sourceTree = "<group>"; };
		57F5D500F7E9478D7C47EC85 /* Pods_FirebaseToDo.framework */ = {isa = PBXFileReference; explicitFileType = wrapper.framework; includeInIndex = 0; path = Pods_FirebaseToDo.framework; sourceTree = BUILT_PRODUCTS_DIR; };
		72C4613DB93158793A529D80 /* Pods-FirebaseToDo.debug.xcconfig */ = {isa = PBXFileReference; includeInIndex = 1; lastKnownFileType = text.xcconfig; name = "Pods-FirebaseToDo.debug.xcconfig"; path = "Target Support Files/Pods-FirebaseToDo/Pods-FirebaseToDo.debug.xcconfig"; sourceTree = "<group>"; };
		E8A1A84C6D7B25F792008060 /* Pods-FirebaseToDo.release.xcconfig */ = {isa = PBXFileReference; includeInIndex = 1; lastKnownFileType = text.xcconfig; name = "Pods-FirebaseToDo.release.xcconfig"; path = "Target Support Files/Pods-FirebaseToDo/Pods-FirebaseToDo.release.xcconfig"; sourceTree = "<group>"; };
/* End PBXFileReference section */

/* Begin PBXFrameworksBuildPhase section */
		286A1D6B263CEF26007283E5 /* Frameworks */ = {
			isa = PBXFrameworksBuildPhase;
			buildActionMask = 2147483647;
			files = (
				E5B62C5D20E966BE43528EB7 /* Pods_FirebaseToDo.framework in Frameworks */,
			);
			runOnlyForDeploymentPostprocessing = 0;
		};
/* End PBXFrameworksBuildPhase section */

/* Begin PBXGroup section */
		0E6E975D83CF7E980A4E209C /* Pods */ = {
			isa = PBXGroup;
			children = (
				72C4613DB93158793A529D80 /* Pods-FirebaseToDo.debug.xcconfig */,
				E8A1A84C6D7B25F792008060 /* Pods-FirebaseToDo.release.xcconfig */,
			);
			path = Pods;
			sourceTree = "<group>";
		};
		286A1D65263CEF26007283E5 = {
			isa = PBXGroup;
			children = (
				286A1D70263CEF26007283E5 /* FirebaseToDo */,
				286A1D6F263CEF26007283E5 /* Products */,
				0E6E975D83CF7E980A4E209C /* Pods */,
				F88D7970F61007A34FF3FAED /* Frameworks */,
			);
			sourceTree = "<group>";
		};
		286A1D6F263CEF26007283E5 /* Products */ = {
			isa = PBXGroup;
			children = (
				286A1D6E263CEF26007283E5 /* FirebaseToDo.app */,
			);
			name = Products;
			sourceTree = "<group>";
		};
		286A1D70263CEF26007283E5 /* FirebaseToDo */ = {
			isa = PBXGroup;
			children = (
				286A1D88263CEF6B007283E5 /* Controllers */,
				286A1D8C263CEF6B007283E5 /* Models */,
				286A1D8B263CEF6B007283E5 /* Views */,
				286A1D85263CEF3B007283E5 /* Supporting files */,
				286A1D7F263CEF28007283E5 /* Info.plist */,
				286A1D93263CF122007283E5 /* GoogleService-Info.plist */,
			);
			path = FirebaseToDo;
			sourceTree = "<group>";
		};
		286A1D85263CEF3B007283E5 /* Supporting files */ = {
			isa = PBXGroup;
			children = (
				286A1D71263CEF26007283E5 /* AppDelegate.swift */,
				286A1D73263CEF26007283E5 /* SceneDelegate.swift */,
				286A1D86263CEF59007283E5 /* Main.storyboard */,
				286A1D7A263CEF28007283E5 /* Assets.xcassets */,
				286A1D7C263CEF28007283E5 /* LaunchScreen.storyboard */,
			);
			path = "Supporting files";
			sourceTree = "<group>";
		};
		286A1D88263CEF6B007283E5 /* Controllers */ = {
			isa = PBXGroup;
			children = (
				286A1D89263CEF6B007283E5 /* TasksViewController.swift */,
				286A1D8A263CEF6B007283E5 /* LoginViewController.swift */,
			);
			path = Controllers;
			sourceTree = "<group>";
		};
		286A1D8B263CEF6B007283E5 /* Views */ = {
			isa = PBXGroup;
			children = (
			);
			path = Views;
			sourceTree = "<group>";
		};
		286A1D8C263CEF6B007283E5 /* Models */ = {
			isa = PBXGroup;
			children = (
				286A1D8D263CEF6B007283E5 /* User.swift */,
				286A1D8E263CEF6B007283E5 /* Task.swift */,
			);
			path = Models;
			sourceTree = "<group>";
		};
		F88D7970F61007A34FF3FAED /* Frameworks */ = {
			isa = PBXGroup;
			children = (
				57F5D500F7E9478D7C47EC85 /* Pods_FirebaseToDo.framework */,
			);
			name = Frameworks;
			sourceTree = "<group>";
		};
/* End PBXGroup section */

/* Begin PBXNativeTarget section */
		286A1D6D263CEF26007283E5 /* FirebaseToDo */ = {
			isa = PBXNativeTarget;
			buildConfigurationList = 286A1D82263CEF28007283E5 /* Build configuration list for PBXNativeTarget "FirebaseToDo" */;
			buildPhases = (
				A9E2EE73D82676D27AD0F8E4 /* [CP] Check Pods Manifest.lock */,
				286A1D6A263CEF26007283E5 /* Sources */,
				286A1D6B263CEF26007283E5 /* Frameworks */,
				286A1D6C263CEF26007283E5 /* Resources */,
				DA479844D363ACAC7C2E8C05 /* [CP] Embed Pods Frameworks */,
			);
			buildRules = (
			);
			dependencies = (
			);
			name = FirebaseToDo;
			productName = FirebaseToDo;
			productReference = 286A1D6E263CEF26007283E5 /* FirebaseToDo.app */;
			productType = "com.apple.product-type.application";
		};
/* End PBXNativeTarget section */

/* Begin PBXProject section */
		286A1D66263CEF26007283E5 /* Project object */ = {
			isa = PBXProject;
			attributes = {
				LastSwiftUpdateCheck = 1250;
				LastUpgradeCheck = 1250;
				TargetAttributes = {
					286A1D6D263CEF26007283E5 = {
						CreatedOnToolsVersion = 12.5;
					};
				};
			};
			buildConfigurationList = 286A1D69263CEF26007283E5 /* Build configuration list for PBXProject "FirebaseToDo" */;
			compatibilityVersion = "Xcode 9.3";
			developmentRegion = en;
			hasScannedForEncodings = 0;
			knownRegions = (
				en,
				Base,
			);
			mainGroup = 286A1D65263CEF26007283E5;
			productRefGroup = 286A1D6F263CEF26007283E5 /* Products */;
			projectDirPath = "";
			projectRoot = "";
			targets = (
				286A1D6D263CEF26007283E5 /* FirebaseToDo */,
			);
		};
/* End PBXProject section */

/* Begin PBXResourcesBuildPhase section */
		286A1D6C263CEF26007283E5 /* Resources */ = {
			isa = PBXResourcesBuildPhase;
			buildActionMask = 2147483647;
			files = (
				286A1D87263CEF59007283E5 /* Main.storyboard in Resources */,
				286A1D94263CF122007283E5 /* GoogleService-Info.plist in Resources */,
				286A1D7E263CEF28007283E5 /* LaunchScreen.storyboard in Resources */,
				286A1D7B263CEF28007283E5 /* Assets.xcassets in Resources */,
			);
			runOnlyForDeploymentPostprocessing = 0;
		};
/* End PBXResourcesBuildPhase section */

/* Begin PBXShellScriptBuildPhase section */
		A9E2EE73D82676D27AD0F8E4 /* [CP] Check Pods Manifest.lock */ = {
			isa = PBXShellScriptBuildPhase;
			buildActionMask = 2147483647;
			files = (
			);
			inputFileListPaths = (
			);
			inputPaths = (
				"${PODS_PODFILE_DIR_PATH}/Podfile.lock",
				"${PODS_ROOT}/Manifest.lock",
			);
			name = "[CP] Check Pods Manifest.lock";
			outputFileListPaths = (
			);
			outputPaths = (
				"$(DERIVED_FILE_DIR)/Pods-FirebaseToDo-checkManifestLockResult.txt",
			);
			runOnlyForDeploymentPostprocessing = 0;
			shellPath = /bin/sh;
			shellScript = "diff \"${PODS_PODFILE_DIR_PATH}/Podfile.lock\" \"${PODS_ROOT}/Manifest.lock\" > /dev/null\nif [ $? != 0 ] ; then\n    # print error to STDERR\n    echo \"error: The sandbox is not in sync with the Podfile.lock. Run 'pod install' or update your CocoaPods installation.\" >&2\n    exit 1\nfi\n# This output is used by Xcode 'outputs' to avoid re-running this script phase.\necho \"SUCCESS\" > \"${SCRIPT_OUTPUT_FILE_0}\"\n";
			showEnvVarsInLog = 0;
		};
		DA479844D363ACAC7C2E8C05 /* [CP] Embed Pods Frameworks */ = {
			isa = PBXShellScriptBuildPhase;
			buildActionMask = 2147483647;
			files = (
			);
			inputFileListPaths = (
				"${PODS_ROOT}/Target Support Files/Pods-FirebaseToDo/Pods-FirebaseToDo-frameworks-${CONFIGURATION}-input-files.xcfilelist",
			);
			name = "[CP] Embed Pods Frameworks";
			outputFileListPaths = (
				"${PODS_ROOT}/Target Support Files/Pods-FirebaseToDo/Pods-FirebaseToDo-frameworks-${CONFIGURATION}-output-files.xcfilelist",
			);
			runOnlyForDeploymentPostprocessing = 0;
			shellPath = /bin/sh;
			shellScript = "\"${PODS_ROOT}/Target Support Files/Pods-FirebaseToDo/Pods-FirebaseToDo-frameworks.sh\"\n";
			showEnvVarsInLog = 0;
		};
/* End PBXShellScriptBuildPhase section */

/* Begin PBXSourcesBuildPhase section */
		286A1D6A263CEF26007283E5 /* Sources */ = {
			isa = PBXSourcesBuildPhase;
			buildActionMask = 2147483647;
			files = (
				286A1D90263CEF6B007283E5 /* LoginViewController.swift in Sources */,
				286A1D72263CEF26007283E5 /* AppDelegate.swift in Sources */,
				286A1D74263CEF26007283E5 /* SceneDelegate.swift in Sources */,
				286A1D91263CEF6B007283E5 /* User.swift in Sources */,
				286A1D92263CEF6B007283E5 /* Task.swift in Sources */,
				286A1D8F263CEF6B007283E5 /* TasksViewController.swift in Sources */,
			);
			runOnlyForDeploymentPostprocessing = 0;
		};
/* End PBXSourcesBuildPhase section */

/* Begin PBXVariantGroup section */
		286A1D7C263CEF28007283E5 /* LaunchScreen.storyboard */ = {
			isa = PBXVariantGroup;
			children = (
				286A1D7D263CEF28007283E5 /* Base */,
			);
			name = LaunchScreen.storyboard;
			sourceTree = "<group>";
		};
/* End PBXVariantGroup section */

/* Begin XCBuildConfiguration section */
		286A1D80263CEF28007283E5 /* Debug */ = {
			isa = XCBuildConfiguration;
			buildSettings = {
				ALWAYS_SEARCH_USER_PATHS = NO;
				CLANG_ANALYZER_NONNULL = YES;
				CLANG_ANALYZER_NUMBER_OBJECT_CONVERSION = YES_AGGRESSIVE;
				CLANG_CXX_LANGUAGE_STANDARD = "gnu++14";
				CLANG_CXX_LIBRARY = "libc++";
				CLANG_ENABLE_MODULES = YES;
				CLANG_ENABLE_OBJC_ARC = YES;
				CLANG_ENABLE_OBJC_WEAK = YES;
				CLANG_WARN_BLOCK_CAPTURE_AUTORELEASING = YES;
				CLANG_WARN_BOOL_CONVERSION = YES;
				CLANG_WARN_COMMA = YES;
				CLANG_WARN_CONSTANT_CONVERSION = YES;
				CLANG_WARN_DEPRECATED_OBJC_IMPLEMENTATIONS = YES;
				CLANG_WARN_DIRECT_OBJC_ISA_USAGE = YES_ERROR;
				CLANG_WARN_DOCUMENTATION_COMMENTS = YES;
				CLANG_WARN_EMPTY_BODY = YES;
				CLANG_WARN_ENUM_CONVERSION = YES;
				CLANG_WARN_INFINITE_RECURSION = YES;
				CLANG_WARN_INT_CONVERSION = YES;
				CLANG_WARN_NON_LITERAL_NULL_CONVERSION = YES;
				CLANG_WARN_OBJC_IMPLICIT_RETAIN_SELF = YES;
				CLANG_WARN_OBJC_LITERAL_CONVERSION = YES;
				CLANG_WARN_OBJC_ROOT_CLASS = YES_ERROR;
				CLANG_WARN_QUOTED_INCLUDE_IN_FRAMEWORK_HEADER = YES;
				CLANG_WARN_RANGE_LOOP_ANALYSIS = YES;
				CLANG_WARN_STRICT_PROTOTYPES = YES;
				CLANG_WARN_SUSPICIOUS_MOVE = YES;
				CLANG_WARN_UNGUARDED_AVAILABILITY = YES_AGGRESSIVE;
				CLANG_WARN_UNREACHABLE_CODE = YES;
				CLANG_WARN__DUPLICATE_METHOD_MATCH = YES;
				COPY_PHASE_STRIP = NO;
				DEBUG_INFORMATION_FORMAT = dwarf;
				ENABLE_STRICT_OBJC_MSGSEND = YES;
				ENABLE_TESTABILITY = YES;
				GCC_C_LANGUAGE_STANDARD = gnu11;
				GCC_DYNAMIC_NO_PIC = NO;
				GCC_NO_COMMON_BLOCKS = YES;
				GCC_OPTIMIZATION_LEVEL = 0;
				GCC_PREPROCESSOR_DEFINITIONS = (
					"DEBUG=1",
					"$(inherited)",
				);
				GCC_WARN_64_TO_32_BIT_CONVERSION = YES;
				GCC_WARN_ABOUT_RETURN_TYPE = YES_ERROR;
				GCC_WARN_UNDECLARED_SELECTOR = YES;
				GCC_WARN_UNINITIALIZED_AUTOS = YES_AGGRESSIVE;
				GCC_WARN_UNUSED_FUNCTION = YES;
				GCC_WARN_UNUSED_VARIABLE = YES;
				IPHONEOS_DEPLOYMENT_TARGET = 14.5;
				MTL_ENABLE_DEBUG_INFO = INCLUDE_SOURCE;
				MTL_FAST_MATH = YES;
				ONLY_ACTIVE_ARCH = YES;
				SDKROOT = iphoneos;
				SWIFT_ACTIVE_COMPILATION_CONDITIONS = DEBUG;
				SWIFT_OPTIMIZATION_LEVEL = "-Onone";
			};
			name = Debug;
		};
		286A1D81263CEF28007283E5 /* Release */ = {
			isa = XCBuildConfiguration;
			buildSettings = {
				ALWAYS_SEARCH_USER_PATHS = NO;
				CLANG_ANALYZER_NONNULL = YES;
				CLANG_ANALYZER_NUMBER_OBJECT_CONVERSION = YES_AGGRESSIVE;
				CLANG_CXX_LANGUAGE_STANDARD = "gnu++14";
				CLANG_CXX_LIBRARY = "libc++";
				CLANG_ENABLE_MODULES = YES;
				CLANG_ENABLE_OBJC_ARC = YES;
				CLANG_ENABLE_OBJC_WEAK = YES;
				CLANG_WARN_BLOCK_CAPTURE_AUTORELEASING = YES;
				CLANG_WARN_BOOL_CONVERSION = YES;
				CLANG_WARN_COMMA = YES;
				CLANG_WARN_CONSTANT_CONVERSION = YES;
				CLANG_WARN_DEPRECATED_OBJC_IMPLEMENTATIONS = YES;
				CLANG_WARN_DIRECT_OBJC_ISA_USAGE = YES_ERROR;
				CLANG_WARN_DOCUMENTATION_COMMENTS = YES;
				CLANG_WARN_EMPTY_BODY = YES;
				CLANG_WARN_ENUM_CONVERSION = YES;
				CLANG_WARN_INFINITE_RECURSION = YES;
				CLANG_WARN_INT_CONVERSION = YES;
				CLANG_WARN_NON_LITERAL_NULL_CONVERSION = YES;
				CLANG_WARN_OBJC_IMPLICIT_RETAIN_SELF = YES;
				CLANG_WARN_OBJC_LITERAL_CONVERSION = YES;
				CLANG_WARN_OBJC_ROOT_CLASS = YES_ERROR;
				CLANG_WARN_QUOTED_INCLUDE_IN_FRAMEWORK_HEADER = YES;
				CLANG_WARN_RANGE_LOOP_ANALYSIS = YES;
				CLANG_WARN_STRICT_PROTOTYPES = YES;
				CLANG_WARN_SUSPICIOUS_MOVE = YES;
				CLANG_WARN_UNGUARDED_AVAILABILITY = YES_AGGRESSIVE;
				CLANG_WARN_UNREACHABLE_CODE = YES;
				CLANG_WARN__DUPLICATE_METHOD_MATCH = YES;
				COPY_PHASE_STRIP = NO;
				DEBUG_INFORMATION_FORMAT = "dwarf-with-dsym";
				ENABLE_NS_ASSERTIONS = NO;
				ENABLE_STRICT_OBJC_MSGSEND = YES;
				GCC_C_LANGUAGE_STANDARD = gnu11;
				GCC_NO_COMMON_BLOCKS = YES;
				GCC_WARN_64_TO_32_BIT_CONVERSION = YES;
				GCC_WARN_ABOUT_RETURN_TYPE = YES_ERROR;
				GCC_WARN_UNDECLARED_SELECTOR = YES;
				GCC_WARN_UNINITIALIZED_AUTOS = YES_AGGRESSIVE;
				GCC_WARN_UNUSED_FUNCTION = YES;
				GCC_WARN_UNUSED_VARIABLE = YES;
				IPHONEOS_DEPLOYMENT_TARGET = 14.5;
				MTL_ENABLE_DEBUG_INFO = NO;
				MTL_FAST_MATH = YES;
				SDKROOT = iphoneos;
				SWIFT_COMPILATION_MODE = wholemodule;
				SWIFT_OPTIMIZATION_LEVEL = "-O";
				VALIDATE_PRODUCT = YES;
			};
			name = Release;
		};
		286A1D83263CEF28007283E5 /* Debug */ = {
			isa = XCBuildConfiguration;
			baseConfigurationReference = 72C4613DB93158793A529D80 /* Pods-FirebaseToDo.debug.xcconfig */;
			buildSettings = {
				ASSETCATALOG_COMPILER_APPICON_NAME = AppIcon;
				ASSETCATALOG_COMPILER_GLOBAL_ACCENT_COLOR_NAME = AccentColor;
				CODE_SIGN_STYLE = Automatic;
				DEVELOPMENT_TEAM = 79T89CSWV2;
				INFOPLIST_FILE = FirebaseToDo/Info.plist;
				LD_RUNPATH_SEARCH_PATHS = (
					"$(inherited)",
					"@executable_path/Frameworks",
				);
				PRODUCT_BUNDLE_IDENTIFIER = DopeOfTruth.FirebaseToDo;
				PRODUCT_NAME = "$(TARGET_NAME)";
				SWIFT_VERSION = 5.0;
				TARGETED_DEVICE_FAMILY = "1,2";
			};
			name = Debug;
		};
		286A1D84263CEF28007283E5 /* Release */ = {
			isa = XCBuildConfiguration;
			baseConfigurationReference = E8A1A84C6D7B25F792008060 /* Pods-FirebaseToDo.release.xcconfig */;
			buildSettings = {
				ASSETCATALOG_COMPILER_APPICON_NAME = AppIcon;
				ASSETCATALOG_COMPILER_GLOBAL_ACCENT_COLOR_NAME = AccentColor;
				CODE_SIGN_STYLE = Automatic;
				DEVELOPMENT_TEAM = 79T89CSWV2;
				INFOPLIST_FILE = FirebaseToDo/Info.plist;
				LD_RUNPATH_SEARCH_PATHS = (
					"$(inherited)",
					"@executable_path/Frameworks",
				);
				PRODUCT_BUNDLE_IDENTIFIER = DopeOfTruth.FirebaseToDo;
				PRODUCT_NAME = "$(TARGET_NAME)";
				SWIFT_VERSION = 5.0;
				TARGETED_DEVICE_FAMILY = "1,2";
			};
			name = Release;
		};
/* End XCBuildConfiguration section */

/* Begin XCConfigurationList section */
		286A1D69263CEF26007283E5 /* Build configuration list for PBXProject "FirebaseToDo" */ = {
			isa = XCConfigurationList;
			buildConfigurations = (
				286A1D80263CEF28007283E5 /* Debug */,
				286A1D81263CEF28007283E5 /* Release */,
			);
			defaultConfigurationIsVisible = 0;
			defaultConfigurationName = Release;
		};
		286A1D82263CEF28007283E5 /* Build configuration list for PBXNativeTarget "FirebaseToDo" */ = {
			isa = XCConfigurationList;
			buildConfigurations = (
				286A1D83263CEF28007283E5 /* Debug */,
				286A1D84263CEF28007283E5 /* Release */,
			);
			defaultConfigurationIsVisible = 0;
			defaultConfigurationName = Release;
		};
/* End XCConfigurationList section */
	};
	rootObject = 286A1D66263CEF26007283E5 /* Project object */;
}
